
Microsoft Visual Studio Solution File, Format Version 12.00
Project("{FAE04EC0-301F-11D3-BF4B-00C04F79EFBC}") = "Samochody", "Samochody\Samochody.csproj", "{C7999D0B-BFB0-48F2-A64F-5A7B37D65682}"
EndProject
Project("{FAE04EC0-301F-11D3-BF4B-00C04F79EFBC}") = "TestSamochodu", "TestSamochodu\TestSamochodu.csproj", "{3FD0CAD6-0A93-4531-B909-E884F7661F71}"
EndProject
Global
	GlobalSection(SolutionConfigurationPlatforms) = preSolution
		Debug|Any CPU = Debug|Any CPU
		Release|Any CPU = Release|Any CPU
	EndGlobalSection
	GlobalSection(ProjectConfigurationPlatforms) = postSolution
		{C7999D0B-BFB0-48F2-A64F-5A7B37D65682}.Debug|Any CPU.ActiveCfg = Debug|Any CPU
		{C7999D0B-BFB0-48F2-A64F-5A7B37D65682}.Debug|Any CPU.Build.0 = Debug|Any CPU
		{C7999D0B-BFB0-48F2-A64F-5A7B37D65682}.Release|Any CPU.ActiveCfg = Release|Any CPU
		{C7999D0B-BFB0-48F2-A64F-5A7B37D65682}.Release|Any CPU.Build.0 = Release|Any CPU
		{3FD0CAD6-0A93-4531-B909-E884F7661F71}.Debug|Any CPU.ActiveCfg = Debug|Any CPU
		{3FD0CAD6-0A93-4531-B909-E884F7661F71}.Debug|Any CPU.Build.0 = Debug|Any CPU
		{3FD0CAD6-0A93-4531-B909-E884F7661F71}.Release|Any CPU.ActiveCfg = Release|Any CPU
		{3FD0CAD6-0A93-4531-B909-E884F7661F71}.Release|Any CPU.Build.0 = Release|Any CPU
	EndGlobalSection
EndGlobal
